
Microsoft Visual Studio Solution File, Format Version 12.00
# Visual Studio Version 16
VisualStudioVersion = 16.0.31624.102
MinimumVisualStudioVersion = 10.0.40219.1
Project("{FAE04EC0-301F-11D3-BF4B-00C04F79EFBC}") = "parserExcel", "parserExcel\parserExcel.csproj", "{039A28A8-9F13-4747-AD04-8F6BE9E187F2}"
EndProject
Project("{FAE04EC0-301F-11D3-BF4B-00C04F79EFBC}") = "ContractFill", "ContractFill\ContractFill.csproj", "{ED28B9DA-24BB-416F-B6A0-A36E2CE11786}"
EndProject
Global
	GlobalSection(SolutionConfigurationPlatforms) = preSolution
		Debug|Any CPU = Debug|Any CPU
		Release|Any CPU = Release|Any CPU
	EndGlobalSection
	GlobalSection(ProjectConfigurationPlatforms) = postSolution
		{039A28A8-9F13-4747-AD04-8F6BE9E187F2}.Debug|Any CPU.ActiveCfg = Debug|Any CPU
		{039A28A8-9F13-4747-AD04-8F6BE9E187F2}.Debug|Any CPU.Build.0 = Debug|Any CPU
		{039A28A8-9F13-4747-AD04-8F6BE9E187F2}.Release|Any CPU.ActiveCfg = Release|Any CPU
		{039A28A8-9F13-4747-AD04-8F6BE9E187F2}.Release|Any CPU.Build.0 = Release|Any CPU
		{ED28B9DA-24BB-416F-B6A0-A36E2CE11786}.Debug|Any CPU.ActiveCfg = Debug|Any CPU
		{ED28B9DA-24BB-416F-B6A0-A36E2CE11786}.Debug|Any CPU.Build.0 = Debug|Any CPU
		{ED28B9DA-24BB-416F-B6A0-A36E2CE11786}.Release|Any CPU.ActiveCfg = Release|Any CPU
		{ED28B9DA-24BB-416F-B6A0-A36E2CE11786}.Release|Any CPU.Build.0 = Release|Any CPU
	EndGlobalSection
	GlobalSection(SolutionProperties) = preSolution
		HideSolutionNode = FALSE
	EndGlobalSection
	GlobalSection(ExtensibilityGlobals) = postSolution
		SolutionGuid = {F42E4E72-4F77-43CA-973C-73FDDF193C41}
	EndGlobalSection
EndGlobal
